// !$*UTF8*$!
{
	archiveVersion = 1;
	classes = {
	};
	objectVersion = 46;
	objects = {

/* Begin PBXBuildFile section */
		68D491FC1F4BCC8800B7EC5F /* AppDelegate.swift in Sources */ = {isa = PBXBuildFile; fileRef = 68D491FB1F4BCC8800B7EC5F /* AppDelegate.swift */; };
		68D491FE1F4BCC8800B7EC5F /* ViewController.swift in Sources */ = {isa = PBXBuildFile; fileRef = 68D491FD1F4BCC8800B7EC5F /* ViewController.swift */; };
		68D492031F4BCC8800B7EC5F /* Assets.xcassets in Resources */ = {isa = PBXBuildFile; fileRef = 68D492021F4BCC8800B7EC5F /* Assets.xcassets */; };
		68D492061F4BCC8800B7EC5F /* LaunchScreen.storyboard in Resources */ = {isa = PBXBuildFile; fileRef = 68D492041F4BCC8800B7EC5F /* LaunchScreen.storyboard */; };
		68D492111F4BCC8800B7EC5F /* ViewDraggingAnimationSwift3Tests.swift in Sources */ = {isa = PBXBuildFile; fileRef = 68D492101F4BCC8800B7EC5F /* ViewDraggingAnimationSwift3Tests.swift */; };
		68D4921C1F4BCC8800B7EC5F /* ViewDraggingAnimationSwift3UITests.swift in Sources */ = {isa = PBXBuildFile; fileRef = 68D4921B1F4BCC8800B7EC5F /* ViewDraggingAnimationSwift3UITests.swift */; };
		68D4922D1F4BCF9E00B7EC5F /* DraggableCardView.swift in Sources */ = {isa = PBXBuildFile; fileRef = 68D4922C1F4BCF9E00B7EC5F /* DraggableCardView.swift */; };
		68D492301F4BD1AC00B7EC5F /* Extension.swift in Sources */ = {isa = PBXBuildFile; fileRef = 68D4922F1F4BD1AC00B7EC5F /* Extension.swift */; };
		68D492321F4BD1DD00B7EC5F /* AppConstants.swift in Sources */ = {isa = PBXBuildFile; fileRef = 68D492311F4BD1DD00B7EC5F /* AppConstants.swift */; };
/* End PBXBuildFile section */

/* Begin PBXContainerItemProxy section */
		68D4920D1F4BCC8800B7EC5F /* PBXContainerItemProxy */ = {
			isa = PBXContainerItemProxy;
			containerPortal = 68D491F01F4BCC8800B7EC5F /* Project object */;
			proxyType = 1;
			remoteGlobalIDString = 68D491F71F4BCC8800B7EC5F;
			remoteInfo = ViewDraggingAnimationSwift3;
		};
		68D492181F4BCC8800B7EC5F /* PBXContainerItemProxy */ = {
			isa = PBXContainerItemProxy;
			containerPortal = 68D491F01F4BCC8800B7EC5F /* Project object */;
			proxyType = 1;
			remoteGlobalIDString = 68D491F71F4BCC8800B7EC5F;
			remoteInfo = ViewDraggingAnimationSwift3;
		};
/* End PBXContainerItemProxy section */

/* Begin PBXFileReference section */
		68D491F81F4BCC8800B7EC5F /* ViewDraggingAnimationSwift3.app */ = {isa = PBXFileReference; explicitFileType = wrapper.application; includeInIndex = 0; path = ViewDraggingAnimationSwift3.app; sourceTree = BUILT_PRODUCTS_DIR; };
		68D491FB1F4BCC8800B7EC5F /* AppDelegate.swift */ = {isa = PBXFileReference; lastKnownFileType = sourcecode.swift; path = AppDelegate.swift; sourceTree = "<group>"; };
		68D491FD1F4BCC8800B7EC5F /* ViewController.swift */ = {isa = PBXFileReference; lastKnownFileType = sourcecode.swift; path = ViewController.swift; sourceTree = "<group>"; };
		68D492021F4BCC8800B7EC5F /* Assets.xcassets */ = {isa = PBXFileReference; lastKnownFileType = folder.assetcatalog; path = Assets.xcassets; sourceTree = "<group>"; };
		68D492051F4BCC8800B7EC5F /* Base */ = {isa = PBXFileReference; lastKnownFileType = file.storyboard; name = Base; path = Base.lproj/LaunchScreen.storyboard; sourceTree = "<group>"; };
		68D492071F4BCC8800B7EC5F /* Info.plist */ = {isa = PBXFileReference; lastKnownFileType = text.plist.xml; path = Info.plist; sourceTree = "<group>"; };
		68D4920C1F4BCC8800B7EC5F /* ViewDraggingAnimationSwift3Tests.xctest */ = {isa = PBXFileReference; explicitFileType = wrapper.cfbundle; includeInIndex = 0; path = ViewDraggingAnimationSwift3Tests.xctest; sourceTree = BUILT_PRODUCTS_DIR; };
		68D492101F4BCC8800B7EC5F /* ViewDraggingAnimationSwift3Tests.swift */ = {isa = PBXFileReference; lastKnownFileType = sourcecode.swift; path = ViewDraggingAnimationSwift3Tests.swift; sourceTree = "<group>"; };
		68D492121F4BCC8800B7EC5F /* Info.plist */ = {isa = PBXFileReference; lastKnownFileType = text.plist.xml; path = Info.plist; sourceTree = "<group>"; };
		68D492171F4BCC8800B7EC5F /* ViewDraggingAnimationSwift3UITests.xctest */ = {isa = PBXFileReference; explicitFileType = wrapper.cfbundle; includeInIndex = 0; path = ViewDraggingAnimationSwift3UITests.xctest; sourceTree = BUILT_PRODUCTS_DIR; };
		68D4921B1F4BCC8800B7EC5F /* ViewDraggingAnimationSwift3UITests.swift */ = {isa = PBXFileReference; lastKnownFileType = sourcecode.swift; path = ViewDraggingAnimationSwift3UITests.swift; sourceTree = "<group>"; };
		68D4921D1F4BCC8800B7EC5F /* Info.plist */ = {isa = PBXFileReference; lastKnownFileType = text.plist.xml; path = Info.plist; sourceTree = "<group>"; };
		68D4922C1F4BCF9E00B7EC5F /* DraggableCardView.swift */ = {isa = PBXFileReference; fileEncoding = 4; lastKnownFileType = sourcecode.swift; name = DraggableCardView.swift; path = Views/DraggableCardView.swift; sourceTree = "<group>"; };
		68D4922F1F4BD1AC00B7EC5F /* Extension.swift */ = {isa = PBXFileReference; fileEncoding = 4; lastKnownFileType = sourcecode.swift; name = Extension.swift; path = Helpers/Extension.swift; sourceTree = "<group>"; };
		68D492311F4BD1DD00B7EC5F /* AppConstants.swift */ = {isa = PBXFileReference; fileEncoding = 4; lastKnownFileType = sourcecode.swift; name = AppConstants.swift; path = Helpers/AppConstants.swift; sourceTree = "<group>"; };
/* End PBXFileReference section */

/* Begin PBXFrameworksBuildPhase section */
		68D491F51F4BCC8800B7EC5F /* Frameworks */ = {
			isa = PBXFrameworksBuildPhase;
			buildActionMask = 2147483647;
			files = (
			);
			runOnlyForDeploymentPostprocessing = 0;
		};
		68D492091F4BCC8800B7EC5F /* Frameworks */ = {
			isa = PBXFrameworksBuildPhase;
			buildActionMask = 2147483647;
			files = (
			);
			runOnlyForDeploymentPostprocessing = 0;
		};
		68D492141F4BCC8800B7EC5F /* Frameworks */ = {
			isa = PBXFrameworksBuildPhase;
			buildActionMask = 2147483647;
			files = (
			);
			runOnlyForDeploymentPostprocessing = 0;
		};
/* End PBXFrameworksBuildPhase section */

/* Begin PBXGroup section */
		68D491EF1F4BCC8800B7EC5F = {
			isa = PBXGroup;
			children = (
				68D491FA1F4BCC8800B7EC5F /* ViewDraggingAnimationSwift3 */,
				68D4920F1F4BCC8800B7EC5F /* ViewDraggingAnimationSwift3Tests */,
				68D4921A1F4BCC8800B7EC5F /* ViewDraggingAnimationSwift3UITests */,
				68D491F91F4BCC8800B7EC5F /* Products */,
			);
			sourceTree = "<group>";
		};
		68D491F91F4BCC8800B7EC5F /* Products */ = {
			isa = PBXGroup;
			children = (
				68D491F81F4BCC8800B7EC5F /* ViewDraggingAnimationSwift3.app */,
				68D4920C1F4BCC8800B7EC5F /* ViewDraggingAnimationSwift3Tests.xctest */,
				68D492171F4BCC8800B7EC5F /* ViewDraggingAnimationSwift3UITests.xctest */,
			);
			name = Products;
			sourceTree = "<group>";
		};
		68D491FA1F4BCC8800B7EC5F /* ViewDraggingAnimationSwift3 */ = {
			isa = PBXGroup;
			children = (
				68D4922E1F4BD18E00B7EC5F /* Helpers */,
				68D4922B1F4BCF6F00B7EC5F /* Views */,
				68D491FB1F4BCC8800B7EC5F /* AppDelegate.swift */,
				68D4922A1F4BCF4000B7EC5F /* Controllers */,
				68D492021F4BCC8800B7EC5F /* Assets.xcassets */,
				68D492041F4BCC8800B7EC5F /* LaunchScreen.storyboard */,
				68D492071F4BCC8800B7EC5F /* Info.plist */,
			);
			path = ViewDraggingAnimationSwift3;
			sourceTree = "<group>";
		};
		68D4920F1F4BCC8800B7EC5F /* ViewDraggingAnimationSwift3Tests */ = {
			isa = PBXGroup;
			children = (
				68D492101F4BCC8800B7EC5F /* ViewDraggingAnimationSwift3Tests.swift */,
				68D492121F4BCC8800B7EC5F /* Info.plist */,
			);
			path = ViewDraggingAnimationSwift3Tests;
			sourceTree = "<group>";
		};
		68D4921A1F4BCC8800B7EC5F /* ViewDraggingAnimationSwift3UITests */ = {
			isa = PBXGroup;
			children = (
				68D4921B1F4BCC8800B7EC5F /* ViewDraggingAnimationSwift3UITests.swift */,
				68D4921D1F4BCC8800B7EC5F /* Info.plist */,
			);
			path = ViewDraggingAnimationSwift3UITests;
			sourceTree = "<group>";
		};
		68D4922A1F4BCF4000B7EC5F /* Controllers */ = {
			isa = PBXGroup;
			children = (
				68D491FD1F4BCC8800B7EC5F /* ViewController.swift */,
			);
			name = Controllers;
			sourceTree = "<group>";
		};
		68D4922B1F4BCF6F00B7EC5F /* Views */ = {
			isa = PBXGroup;
			children = (
				68D4922C1F4BCF9E00B7EC5F /* DraggableCardView.swift */,
			);
			name = Views;
			sourceTree = "<group>";
		};
		68D4922E1F4BD18E00B7EC5F /* Helpers */ = {
			isa = PBXGroup;
			children = (
				68D4922F1F4BD1AC00B7EC5F /* Extension.swift */,
				68D492311F4BD1DD00B7EC5F /* AppConstants.swift */,
			);
			name = Helpers;
			sourceTree = "<group>";
		};
/* End PBXGroup section */

/* Begin PBXNativeTarget section */
		68D491F71F4BCC8800B7EC5F /* ViewDraggingAnimationSwift3 */ = {
			isa = PBXNativeTarget;
			buildConfigurationList = 68D492201F4BCC8800B7EC5F /* Build configuration list for PBXNativeTarget "ViewDraggingAnimationSwift3" */;
			buildPhases = (
				68D491F41F4BCC8800B7EC5F /* Sources */,
				68D491F51F4BCC8800B7EC5F /* Frameworks */,
				68D491F61F4BCC8800B7EC5F /* Resources */,
			);
			buildRules = (
			);
			dependencies = (
			);
			name = ViewDraggingAnimationSwift3;
			productName = ViewDraggingAnimationSwift3;
			productReference = 68D491F81F4BCC8800B7EC5F /* ViewDraggingAnimationSwift3.app */;
			productType = "com.apple.product-type.application";
		};
		68D4920B1F4BCC8800B7EC5F /* ViewDraggingAnimationSwift3Tests */ = {
			isa = PBXNativeTarget;
			buildConfigurationList = 68D492231F4BCC8800B7EC5F /* Build configuration list for PBXNativeTarget "ViewDraggingAnimationSwift3Tests" */;
			buildPhases = (
				68D492081F4BCC8800B7EC5F /* Sources */,
				68D492091F4BCC8800B7EC5F /* Frameworks */,
				68D4920A1F4BCC8800B7EC5F /* Resources */,
			);
			buildRules = (
			);
			dependencies = (
				68D4920E1F4BCC8800B7EC5F /* PBXTargetDependency */,
			);
			name = ViewDraggingAnimationSwift3Tests;
			productName = ViewDraggingAnimationSwift3Tests;
			productReference = 68D4920C1F4BCC8800B7EC5F /* ViewDraggingAnimationSwift3Tests.xctest */;
			productType = "com.apple.product-type.bundle.unit-test";
		};
		68D492161F4BCC8800B7EC5F /* ViewDraggingAnimationSwift3UITests */ = {
			isa = PBXNativeTarget;
			buildConfigurationList = 68D492261F4BCC8800B7EC5F /* Build configuration list for PBXNativeTarget "ViewDraggingAnimationSwift3UITests" */;
			buildPhases = (
				68D492131F4BCC8800B7EC5F /* Sources */,
				68D492141F4BCC8800B7EC5F /* Frameworks */,
				68D492151F4BCC8800B7EC5F /* Resources */,
			);
			buildRules = (
			);
			dependencies = (
				68D492191F4BCC8800B7EC5F /* PBXTargetDependency */,
			);
			name = ViewDraggingAnimationSwift3UITests;
			productName = ViewDraggingAnimationSwift3UITests;
			productReference = 68D492171F4BCC8800B7EC5F /* ViewDraggingAnimationSwift3UITests.xctest */;
			productType = "com.apple.product-type.bundle.ui-testing";
		};
/* End PBXNativeTarget section */

/* Begin PBXProject section */
		68D491F01F4BCC8800B7EC5F /* Project object */ = {
			isa = PBXProject;
			attributes = {
				LastSwiftUpdateCheck = 0830;
				LastUpgradeCheck = 0830;
				ORGANIZATIONNAME = bimalthapa;
				TargetAttributes = {
					68D491F71F4BCC8800B7EC5F = {
						CreatedOnToolsVersion = 8.3.3;
						ProvisioningStyle = Automatic;
					};
					68D4920B1F4BCC8800B7EC5F = {
						CreatedOnToolsVersion = 8.3.3;
						ProvisioningStyle = Automatic;
						TestTargetID = 68D491F71F4BCC8800B7EC5F;
					};
					68D492161F4BCC8800B7EC5F = {
						CreatedOnToolsVersion = 8.3.3;
						ProvisioningStyle = Automatic;
						TestTargetID = 68D491F71F4BCC8800B7EC5F;
					};
				};
			};
			buildConfigurationList = 68D491F31F4BCC8800B7EC5F /* Build configuration list for PBXProject "ViewDraggingAnimationSwift3" */;
			compatibilityVersion = "Xcode 3.2";
			developmentRegion = English;
			hasScannedForEncodings = 0;
			knownRegions = (
				en,
				Base,
			);
			mainGroup = 68D491EF1F4BCC8800B7EC5F;
			productRefGroup = 68D491F91F4BCC8800B7EC5F /* Products */;
			projectDirPath = "";
			projectRoot = "";
			targets = (
				68D491F71F4BCC8800B7EC5F /* ViewDraggingAnimationSwift3 */,
				68D4920B1F4BCC8800B7EC5F /* ViewDraggingAnimationSwift3Tests */,
				68D492161F4BCC8800B7EC5F /* ViewDraggingAnimationSwift3UITests */,
			);
		};
/* End PBXProject section */

/* Begin PBXResourcesBuildPhase section */
		68D491F61F4BCC8800B7EC5F /* Resources */ = {
			isa = PBXResourcesBuildPhase;
			buildActionMask = 2147483647;
			files = (
				68D492061F4BCC8800B7EC5F /* LaunchScreen.storyboard in Resources */,
				68D492031F4BCC8800B7EC5F /* Assets.xcassets in Resources */,
			);
			runOnlyForDeploymentPostprocessing = 0;
		};
		68D4920A1F4BCC8800B7EC5F /* Resources */ = {
			isa = PBXResourcesBuildPhase;
			buildActionMask = 2147483647;
			files = (
			);
			runOnlyForDeploymentPostprocessing = 0;
		};
		68D492151F4BCC8800B7EC5F /* Resources */ = {
			isa = PBXResourcesBuildPhase;
			buildActionMask = 2147483647;
			files = (
			);
			runOnlyForDeploymentPostprocessing = 0;
		};
/* End PBXResourcesBuildPhase section */

/* Begin PBXSourcesBuildPhase section */
		68D491F41F4BCC8800B7EC5F /* Sources */ = {
			isa = PBXSourcesBuildPhase;
			buildActionMask = 2147483647;
			files = (
				68D491FE1F4BCC8800B7EC5F /* ViewController.swift in Sources */,
				68D4922D1F4BCF9E00B7EC5F /* DraggableCardView.swift in Sources */,
				68D491FC1F4BCC8800B7EC5F /* AppDelegate.swift in Sources */,
				68D492301F4BD1AC00B7EC5F /* Extension.swift in Sources */,
				68D492321F4BD1DD00B7EC5F /* AppConstants.swift in Sources */,
			);
			runOnlyForDeploymentPostprocessing = 0;
		};
		68D492081F4BCC8800B7EC5F /* Sources */ = {
			isa = PBXSourcesBuildPhase;
			buildActionMask = 2147483647;
			files = (
				68D492111F4BCC8800B7EC5F /* ViewDraggingAnimationSwift3Tests.swift in Sources */,
			);
			runOnlyForDeploymentPostprocessing = 0;
		};
		68D492131F4BCC8800B7EC5F /* Sources */ = {
			isa = PBXSourcesBuildPhase;
			buildActionMask = 2147483647;
			files = (
				68D4921C1F4BCC8800B7EC5F /* ViewDraggingAnimationSwift3UITests.swift in Sources */,
			);
			runOnlyForDeploymentPostprocessing = 0;
		};
/* End PBXSourcesBuildPhase section */

/* Begin PBXTargetDependency section */
		68D4920E1F4BCC8800B7EC5F /* PBXTargetDependency */ = {
			isa = PBXTargetDependency;
			target = 68D491F71F4BCC8800B7EC5F /* ViewDraggingAnimationSwift3 */;
			targetProxy = 68D4920D1F4BCC8800B7EC5F /* PBXContainerItemProxy */;
		};
		68D492191F4BCC8800B7EC5F /* PBXTargetDependency */ = {
			isa = PBXTargetDependency;
			target = 68D491F71F4BCC8800B7EC5F /* ViewDraggingAnimationSwift3 */;
			targetProxy = 68D492181F4BCC8800B7EC5F /* PBXContainerItemProxy */;
		};
/* End PBXTargetDependency section */

/* Begin PBXVariantGroup section */
		68D492041F4BCC8800B7EC5F /* LaunchScreen.storyboard */ = {
			isa = PBXVariantGroup;
			children = (
				68D492051F4BCC8800B7EC5F /* Base */,
			);
			name = LaunchScreen.storyboard;
			sourceTree = "<group>";
		};
/* End PBXVariantGroup section */

/* Begin XCBuildConfiguration section */
		68D4921E1F4BCC8800B7EC5F /* Debug */ = {
			isa = XCBuildConfiguration;
			buildSettings = {
				ALWAYS_SEARCH_USER_PATHS = NO;
				CLANG_ANALYZER_NONNULL = YES;
				CLANG_ANALYZER_NUMBER_OBJECT_CONVERSION = YES_AGGRESSIVE;
				CLANG_CXX_LANGUAGE_STANDARD = "gnu++0x";
				CLANG_CXX_LIBRARY = "libc++";
				CLANG_ENABLE_MODULES = YES;
				CLANG_ENABLE_OBJC_ARC = YES;
				CLANG_WARN_BOOL_CONVERSION = YES;
				CLANG_WARN_CONSTANT_CONVERSION = YES;
				CLANG_WARN_DIRECT_OBJC_ISA_USAGE = YES_ERROR;
				CLANG_WARN_DOCUMENTATION_COMMENTS = YES;
				CLANG_WARN_EMPTY_BODY = YES;
				CLANG_WARN_ENUM_CONVERSION = YES;
				CLANG_WARN_INFINITE_RECURSION = YES;
				CLANG_WARN_INT_CONVERSION = YES;
				CLANG_WARN_OBJC_ROOT_CLASS = YES_ERROR;
				CLANG_WARN_SUSPICIOUS_MOVE = YES;
				CLANG_WARN_UNREACHABLE_CODE = YES;
				CLANG_WARN__DUPLICATE_METHOD_MATCH = YES;
				"CODE_SIGN_IDENTITY[sdk=iphoneos*]" = "iPhone Developer";
				COPY_PHASE_STRIP = NO;
				DEBUG_INFORMATION_FORMAT = dwarf;
				ENABLE_STRICT_OBJC_MSGSEND = YES;
				ENABLE_TESTABILITY = YES;
				GCC_C_LANGUAGE_STANDARD = gnu99;
				GCC_DYNAMIC_NO_PIC = NO;
				GCC_NO_COMMON_BLOCKS = YES;
				GCC_OPTIMIZATION_LEVEL = 0;
				GCC_PREPROCESSOR_DEFINITIONS = (
					"DEBUG=1",
					"$(inherited)",
				);
				GCC_WARN_64_TO_32_BIT_CONVERSION = YES;
				GCC_WARN_ABOUT_RETURN_TYPE = YES_ERROR;
				GCC_WARN_UNDECLARED_SELECTOR = YES;
				GCC_WARN_UNINITIALIZED_AUTOS = YES_AGGRESSIVE;
				GCC_WARN_UNUSED_FUNCTION = YES;
				GCC_WARN_UNUSED_VARIABLE = YES;
				IPHONEOS_DEPLOYMENT_TARGET = 10.3;
				MTL_ENABLE_DEBUG_INFO = YES;
				ONLY_ACTIVE_ARCH = YES;
				SDKROOT = iphoneos;
				SWIFT_ACTIVE_COMPILATION_CONDITIONS = DEBUG;
				SWIFT_OPTIMIZATION_LEVEL = "-Onone";
				TARGETED_DEVICE_FAMILY = "1,2";
			};
			name = Debug;
		};
		68D4921F1F4BCC8800B7EC5F /* Release */ = {
			isa = XCBuildConfiguration;
			buildSettings = {
				ALWAYS_SEARCH_USER_PATHS = NO;
				CLANG_ANALYZER_NONNULL = YES;
				CLANG_ANALYZER_NUMBER_OBJECT_CONVERSION = YES_AGGRESSIVE;
				CLANG_CXX_LANGUAGE_STANDARD = "gnu++0x";
				CLANG_CXX_LIBRARY = "libc++";
				CLANG_ENABLE_MODULES = YES;
				CLANG_ENABLE_OBJC_ARC = YES;
				CLANG_WARN_BOOL_CONVERSION = YES;
				CLANG_WARN_CONSTANT_CONVERSION = YES;
				CLANG_WARN_DIRECT_OBJC_ISA_USAGE = YES_ERROR;
				CLANG_WARN_DOCUMENTATION_COMMENTS = YES;
				CLANG_WARN_EMPTY_BODY = YES;
				CLANG_WARN_ENUM_CONVERSION = YES;
				CLANG_WARN_INFINITE_RECURSION = YES;
				CLANG_WARN_INT_CONVERSION = YES;
				CLANG_WARN_OBJC_ROOT_CLASS = YES_ERROR;
				CLANG_WARN_SUSPICIOUS_MOVE = YES;
				CLANG_WARN_UNREACHABLE_CODE = YES;
				CLANG_WARN__DUPLICATE_METHOD_MATCH = YES;
				"CODE_SIGN_IDENTITY[sdk=iphoneos*]" = "iPhone Developer";
				COPY_PHASE_STRIP = NO;
				DEBUG_INFORMATION_FORMAT = "dwarf-with-dsym";
				ENABLE_NS_ASSERTIONS = NO;
				ENABLE_STRICT_OBJC_MSGSEND = YES;
				GCC_C_LANGUAGE_STANDARD = gnu99;
				GCC_NO_COMMON_BLOCKS = YES;
				GCC_WARN_64_TO_32_BIT_CONVERSION = YES;
				GCC_WARN_ABOUT_RETURN_TYPE = YES_ERROR;
				GCC_WARN_UNDECLARED_SELECTOR = YES;
				GCC_WARN_UNINITIALIZED_AUTOS = YES_AGGRESSIVE;
				GCC_WARN_UNUSED_FUNCTION = YES;
				GCC_WARN_UNUSED_VARIABLE = YES;
				IPHONEOS_DEPLOYMENT_TARGET = 10.3;
				MTL_ENABLE_DEBUG_INFO = NO;
				SDKROOT = iphoneos;
				SWIFT_OPTIMIZATION_LEVEL = "-Owholemodule";
				TARGETED_DEVICE_FAMILY = "1,2";
				VALIDATE_PRODUCT = YES;
			};
			name = Release;
		};
		68D492211F4BCC8800B7EC5F /* Debug */ = {
			isa = XCBuildConfiguration;
			buildSettings = {
				ASSETCATALOG_COMPILER_APPICON_NAME = AppIcon;
				INFOPLIST_FILE = ViewDraggingAnimationSwift3/Info.plist;
				LD_RUNPATH_SEARCH_PATHS = "$(inherited) @executable_path/Frameworks";
				PRODUCT_BUNDLE_IDENTIFIER = com.bimal.ViewDraggingAnimationSwift3;
				PRODUCT_NAME = "$(TARGET_NAME)";
				SWIFT_VERSION = 3.0;
			};
			name = Debug;
		};
		68D492221F4BCC8800B7EC5F /* Release */ = {
			isa = XCBuildConfiguration;
			buildSettings = {
				ASSETCATALOG_COMPILER_APPICON_NAME = AppIcon;
				INFOPLIST_FILE = ViewDraggingAnimationSwift3/Info.plist;
				LD_RUNPATH_SEARCH_PATHS = "$(inherited) @executable_path/Frameworks";
				PRODUCT_BUNDLE_IDENTIFIER = com.bimal.ViewDraggingAnimationSwift3;
				PRODUCT_NAME = "$(TARGET_NAME)";
				SWIFT_VERSION = 3.0;
			};
			name = Release;
		};
		68D492241F4BCC8800B7EC5F /* Debug */ = {
			isa = XCBuildConfiguration;
			buildSettings = {
				ALWAYS_EMBED_SWIFT_STANDARD_LIBRARIES = YES;
				BUNDLE_LOADER = "$(TEST_HOST)";
				INFOPLIST_FILE = ViewDraggingAnimationSwift3Tests/Info.plist;
				LD_RUNPATH_SEARCH_PATHS = "$(inherited) @executable_path/Frameworks @loader_path/Frameworks";
				PRODUCT_BUNDLE_IDENTIFIER = com.bimal.ViewDraggingAnimationSwift3Tests;
				PRODUCT_NAME = "$(TARGET_NAME)";
				SWIFT_VERSION = 3.0;
				TEST_HOST = "$(BUILT_PRODUCTS_DIR)/ViewDraggingAnimationSwift3.app/ViewDraggingAnimationSwift3";
			};
			name = Debug;
		};
		68D492251F4BCC8800B7EC5F /* Release */ = {
			isa = XCBuildConfiguration;
			buildSettings = {
				ALWAYS_EMBED_SWIFT_STANDARD_LIBRARIES = YES;
				BUNDLE_LOADER = "$(TEST_HOST)";
				INFOPLIST_FILE = ViewDraggingAnimationSwift3Tests/Info.plist;
				LD_RUNPATH_SEARCH_PATHS = "$(inherited) @executable_path/Frameworks @loader_path/Frameworks";
				PRODUCT_BUNDLE_IDENTIFIER = com.bimal.ViewDraggingAnimationSwift3Tests;
				PRODUCT_NAME = "$(TARGET_NAME)";
				SWIFT_VERSION = 3.0;
				TEST_HOST = "$(BUILT_PRODUCTS_DIR)/ViewDraggingAnimationSwift3.app/ViewDraggingAnimationSwift3";
			};
			name = Release;
		};
		68D492271F4BCC8800B7EC5F /* Debug */ = {
			isa = XCBuildConfiguration;
			buildSettings = {
				ALWAYS_EMBED_SWIFT_STANDARD_LIBRARIES = YES;
				INFOPLIST_FILE = ViewDraggingAnimationSwift3UITests/Info.plist;
				LD_RUNPATH_SEARCH_PATHS = "$(inherited) @executable_path/Frameworks @loader_path/Frameworks";
				PRODUCT_BUNDLE_IDENTIFIER = com.bimal.ViewDraggingAnimationSwift3UITests;
				PRODUCT_NAME = "$(TARGET_NAME)";
				SWIFT_VERSION = 3.0;
				TEST_TARGET_NAME = ViewDraggingAnimationSwift3;
			};
			name = Debug;
		};
		68D492281F4BCC8800B7EC5F /* Release */ = {
			isa = XCBuildConfiguration;
			buildSettings = {
				ALWAYS_EMBED_SWIFT_STANDARD_LIBRARIES = YES;
				INFOPLIST_FILE = ViewDraggingAnimationSwift3UITests/Info.plist;
				LD_RUNPATH_SEARCH_PATHS = "$(inherited) @executable_path/Frameworks @loader_path/Frameworks";
				PRODUCT_BUNDLE_IDENTIFIER = com.bimal.ViewDraggingAnimationSwift3UITests;
				PRODUCT_NAME = "$(TARGET_NAME)";
				SWIFT_VERSION = 3.0;
				TEST_TARGET_NAME = ViewDraggingAnimationSwift3;
			};
			name = Release;
		};
/* End XCBuildConfiguration section */

/* Begin XCConfigurationList section */
		68D491F31F4BCC8800B7EC5F /* Build configuration list for PBXProject "ViewDraggingAnimationSwift3" */ = {
			isa = XCConfigurationList;
			buildConfigurations = (
				68D4921E1F4BCC8800B7EC5F /* Debug */,
				68D4921F1F4BCC8800B7EC5F /* Release */,
			);
			defaultConfigurationIsVisible = 0;
			defaultConfigurationName = Release;
		};
		68D492201F4BCC8800B7EC5F /* Build configuration list for PBXNativeTarget "ViewDraggingAnimationSwift3" */ = {
			isa = XCConfigurationList;
			buildConfigurations = (
				68D492211F4BCC8800B7EC5F /* Debug */,
				68D492221F4BCC8800B7EC5F /* Release */,
			);
			defaultConfigurationIsVisible = 0;
		};
		68D492231F4BCC8800B7EC5F /* Build configuration list for PBXNativeTarget "ViewDraggingAnimationSwift3Tests" */ = {
			isa = XCConfigurationList;
			buildConfigurations = (
				68D492241F4BCC8800B7EC5F /* Debug */,
				68D492251F4BCC8800B7EC5F /* Release */,
			);
			defaultConfigurationIsVisible = 0;
		};
		68D492261F4BCC8800B7EC5F /* Build configuration list for PBXNativeTarget "ViewDraggingAnimationSwift3UITests" */ = {
			isa = XCConfigurationList;
			buildConfigurations = (
				68D492271F4BCC8800B7EC5F /* Debug */,
				68D492281F4BCC8800B7EC5F /* Release */,
			);
			defaultConfigurationIsVisible = 0;
		};
/* End XCConfigurationList section */
	};
	rootObject = 68D491F01F4BCC8800B7EC5F /* Project object */;
}
